// !$*UTF8*$!
{
	archiveVersion = 1;
	classes = {
	};
	objectVersion = 46;
	objects = {

/* Begin PBXBuildFile section */
		EA2180C31D4B4FBB009A806B /* main.m in Sources */ = {isa = PBXBuildFile; fileRef = EA2180C21D4B4FBB009A806B /* main.m */; };
		EA2180CC1D4B5251009A806B /* Note.m in Sources */ = {isa = PBXBuildFile; fileRef = EA2180CB1D4B5251009A806B /* Note.m */; };
		EA2180CF1D4B52CE009A806B /* NoteDetail.m in Sources */ = {isa = PBXBuildFile; fileRef = EA2180CE1D4B52CE009A806B /* NoteDetail.m */; };
/* End PBXBuildFile section */

/* Begin PBXCopyFilesBuildPhase section */
		EA2180BD1D4B4FBB009A806B /* CopyFiles */ = {
			isa = PBXCopyFilesBuildPhase;
			buildActionMask = 2147483647;
			dstPath = /usr/share/man/man1/;
			dstSubfolderSpec = 0;
			files = (
			);
			runOnlyForDeploymentPostprocessing = 1;
		};
/* End PBXCopyFilesBuildPhase section */

/* Begin PBXFileReference section */
		EA2180BF1D4B4FBB009A806B /* protocol */ = {isa = PBXFileReference; explicitFileType = "compiled.mach-o.executable"; includeInIndex = 0; path = protocol; sourceTree = BUILT_PRODUCTS_DIR; };
		EA2180C21D4B4FBB009A806B /* main.m */ = {isa = PBXFileReference; lastKnownFileType = sourcecode.c.objc; path = main.m; sourceTree = "<group>"; };
		EA2180CA1D4B5251009A806B /* Note.h */ = {isa = PBXFileReference; fileEncoding = 4; lastKnownFileType = sourcecode.c.h; path = Note.h; sourceTree = "<group>"; };
		EA2180CB1D4B5251009A806B /* Note.m */ = {isa = PBXFileReference; fileEncoding = 4; lastKnownFileType = sourcecode.c.objc; path = Note.m; sourceTree = "<group>"; };
		EA2180CD1D4B52CE009A806B /* NoteDetail.h */ = {isa = PBXFileReference; fileEncoding = 4; lastKnownFileType = sourcecode.c.h; path = NoteDetail.h; sourceTree = "<group>"; };
		EA2180CE1D4B52CE009A806B /* NoteDetail.m */ = {isa = PBXFileReference; fileEncoding = 4; lastKnownFileType = sourcecode.c.objc; path = NoteDetail.m; sourceTree = "<group>"; };
/* End PBXFileReference section */

/* Begin PBXFrameworksBuildPhase section */
		EA2180BC1D4B4FBB009A806B /* Frameworks */ = {
			isa = PBXFrameworksBuildPhase;
			buildActionMask = 2147483647;
			files = (
			);
			runOnlyForDeploymentPostprocessing = 0;
		};
/* End PBXFrameworksBuildPhase section */

/* Begin PBXGroup section */
		EA2180B61D4B4FBB009A806B = {
			isa = PBXGroup;
			children = (
				EA2180C11D4B4FBB009A806B /* protocol */,
				EA2180C01D4B4FBB009A806B /* Products */,
			);
			sourceTree = "<group>";
		};
		EA2180C01D4B4FBB009A806B /* Products */ = {
			isa = PBXGroup;
			children = (
				EA2180BF1D4B4FBB009A806B /* protocol */,
			);
			name = Products;
			sourceTree = "<group>";
		};
		EA2180C11D4B4FBB009A806B /* protocol */ = {
			isa = PBXGroup;
			children = (
				EA2180C21D4B4FBB009A806B /* main.m */,
				EA2180CA1D4B5251009A806B /* Note.h */,
				EA2180CB1D4B5251009A806B /* Note.m */,
				EA2180CD1D4B52CE009A806B /* NoteDetail.h */,
				EA2180CE1D4B52CE009A806B /* NoteDetail.m */,
			);
			path = protocol;
			sourceTree = "<group>";
		};
/* End PBXGroup section */

/* Begin PBXNativeTarget section */
		EA2180BE1D4B4FBB009A806B /* protocol */ = {
			isa = PBXNativeTarget;
			buildConfigurationList = EA2180C61D4B4FBB009A806B /* Build configuration list for PBXNativeTarget "protocol" */;
			buildPhases = (
				EA2180BB1D4B4FBB009A806B /* Sources */,
				EA2180BC1D4B4FBB009A806B /* Frameworks */,
				EA2180BD1D4B4FBB009A806B /* CopyFiles */,
			);
			buildRules = (
			);
			dependencies = (
			);
			name = protocol;
			productName = protocol;
			productReference = EA2180BF1D4B4FBB009A806B /* protocol */;
			productType = "com.apple.product-type.tool";
		};
/* End PBXNativeTarget section */

/* Begin PBXProject section */
		EA2180B71D4B4FBB009A806B /* Project object */ = {
			isa = PBXProject;
			attributes = {
				LastUpgradeCheck = 0730;
				ORGANIZATIONNAME = wilddog;
				TargetAttributes = {
					EA2180BE1D4B4FBB009A806B = {
						CreatedOnToolsVersion = 7.3.1;
					};
				};
			};
			buildConfigurationList = EA2180BA1D4B4FBB009A806B /* Build configuration list for PBXProject "protocol" */;
			compatibilityVersion = "Xcode 3.2";
			developmentRegion = English;
			hasScannedForEncodings = 0;
			knownRegions = (
				en,
			);
			mainGroup = EA2180B61D4B4FBB009A806B;
			productRefGroup = EA2180C01D4B4FBB009A806B /* Products */;
			projectDirPath = "";
			projectRoot = "";
			targets = (
				EA2180BE1D4B4FBB009A806B /* protocol */,
			);
		};
/* End PBXProject section */

/* Begin PBXSourcesBuildPhase section */
		EA2180BB1D4B4FBB009A806B /* Sources */ = {
			isa = PBXSourcesBuildPhase;
			buildActionMask = 2147483647;
			files = (
				EA2180CF1D4B52CE009A806B /* NoteDetail.m in Sources */,
				EA2180C31D4B4FBB009A806B /* main.m in Sources */,
				EA2180CC1D4B5251009A806B /* Note.m in Sources */,
			);
			runOnlyForDeploymentPostprocessing = 0;
		};
/* End PBXSourcesBuildPhase section */

/* Begin XCBuildConfiguration section */
		EA2180C41D4B4FBB009A806B /* Debug */ = {
			isa = XCBuildConfiguration;
			buildSettings = {
				ALWAYS_SEARCH_USER_PATHS = NO;
				CLANG_ANALYZER_NONNULL = YES;
				CLANG_CXX_LANGUAGE_STANDARD = "gnu++0x";
				CLANG_CXX_LIBRARY = "libc++";
				CLANG_ENABLE_MODULES = YES;
				CLANG_ENABLE_OBJC_ARC = YES;
				CLANG_WARN_BOOL_CONVERSION = YES;
				CLANG_WARN_CONSTANT_CONVERSION = YES;
				CLANG_WARN_DIRECT_OBJC_ISA_USAGE = YES_ERROR;
				CLANG_WARN_EMPTY_BODY = YES;
				CLANG_WARN_ENUM_CONVERSION = YES;
				CLANG_WARN_INT_CONVERSION = YES;
				CLANG_WARN_OBJC_ROOT_CLASS = YES_ERROR;
				CLANG_WARN_UNREACHABLE_CODE = YES;
				CLANG_WARN__DUPLICATE_METHOD_MATCH = YES;
				CODE_SIGN_IDENTITY = "-";
				COPY_PHASE_STRIP = NO;
				DEBUG_INFORMATION_FORMAT = dwarf;
				ENABLE_STRICT_OBJC_MSGSEND = YES;
				ENABLE_TESTABILITY = YES;
				GCC_C_LANGUAGE_STANDARD = gnu99;
				GCC_DYNAMIC_NO_PIC = NO;
				GCC_NO_COMMON_BLOCKS = YES;
				GCC_OPTIMIZATION_LEVEL = 0;
				GCC_PREPROCESSOR_DEFINITIONS = (
					"DEBUG=1",
					"$(inherited)",
				);
				GCC_WARN_64_TO_32_BIT_CONVERSION = YES;
				GCC_WARN_ABOUT_RETURN_TYPE = YES_ERROR;
				GCC_WARN_UNDECLARED_SELECTOR = YES;
				GCC_WARN_UNINITIALIZED_AUTOS = YES_AGGRESSIVE;
				GCC_WARN_UNUSED_FUNCTION = YES;
				GCC_WARN_UNUSED_VARIABLE = YES;
				MACOSX_DEPLOYMENT_TARGET = 10.11;
				MTL_ENABLE_DEBUG_INFO = YES;
				ONLY_ACTIVE_ARCH = YES;
				SDKROOT = macosx;
			};
			name = Debug;
		};
		EA2180C51D4B4FBB009A806B /* Release */ = {
			isa = XCBuildConfiguration;
			buildSettings = {
				ALWAYS_SEARCH_USER_PATHS = NO;
				CLANG_ANALYZER_NONNULL = YES;
				CLANG_CXX_LANGUAGE_STANDARD = "gnu++0x";
				CLANG_CXX_LIBRARY = "libc++";
				CLANG_ENABLE_MODULES = YES;
				CLANG_ENABLE_OBJC_ARC = YES;
				CLANG_WARN_BOOL_CONVERSION = YES;
				CLANG_WARN_CONSTANT_CONVERSION = YES;
				CLANG_WARN_DIRECT_OBJC_ISA_USAGE = YES_ERROR;
				CLANG_WARN_EMPTY_BODY = YES;
				CLANG_WARN_ENUM_CONVERSION = YES;
				CLANG_WARN_INT_CONVERSION = YES;
				CLANG_WARN_OBJC_ROOT_CLASS = YES_ERROR;
				CLANG_WARN_UNREACHABLE_CODE = YES;
				CLANG_WARN__DUPLICATE_METHOD_MATCH = YES;
				CODE_SIGN_IDENTITY = "-";
				COPY_PHASE_STRIP = NO;
				DEBUG_INFORMATION_FORMAT = "dwarf-with-dsym";
				ENABLE_NS_ASSERTIONS = NO;
				ENABLE_STRICT_OBJC_MSGSEND = YES;
				GCC_C_LANGUAGE_STANDARD = gnu99;
				GCC_NO_COMMON_BLOCKS = YES;
				GCC_WARN_64_TO_32_BIT_CONVERSION = YES;
				GCC_WARN_ABOUT_RETURN_TYPE = YES_ERROR;
				GCC_WARN_UNDECLARED_SELECTOR = YES;
				GCC_WARN_UNINITIALIZED_AUTOS = YES_AGGRESSIVE;
				GCC_WARN_UNUSED_FUNCTION = YES;
				GCC_WARN_UNUSED_VARIABLE = YES;
				MACOSX_DEPLOYMENT_TARGET = 10.11;
				MTL_ENABLE_DEBUG_INFO = NO;
				SDKROOT = macosx;
			};
			name = Release;
		};
		EA2180C71D4B4FBB009A806B /* Debug */ = {
			isa = XCBuildConfiguration;
			buildSettings = {
				PRODUCT_NAME = "$(TARGET_NAME)";
			};
			name = Debug;
		};
		EA2180C81D4B4FBB009A806B /* Release */ = {
			isa = XCBuildConfiguration;
			buildSettings = {
				PRODUCT_NAME = "$(TARGET_NAME)";
			};
			name = Release;
		};
/* End XCBuildConfiguration section */

/* Begin XCConfigurationList section */
		EA2180BA1D4B4FBB009A806B /* Build configuration list for PBXProject "protocol" */ = {
			isa = XCConfigurationList;
			buildConfigurations = (
				EA2180C41D4B4FBB009A806B /* Debug */,
				EA2180C51D4B4FBB009A806B /* Release */,
			);
			defaultConfigurationIsVisible = 0;
			defaultConfigurationName = Release;
		};
		EA2180C61D4B4FBB009A806B /* Build configuration list for PBXNativeTarget "protocol" */ = {
			isa = XCConfigurationList;
			buildConfigurations = (
				EA2180C71D4B4FBB009A806B /* Debug */,
				EA2180C81D4B4FBB009A806B /* Release */,
			);
			defaultConfigurationIsVisible = 0;
		};
/* End XCConfigurationList section */
	};
	rootObject = EA2180B71D4B4FBB009A806B /* Project object */;
}
